{
	"name": "@chakra-ui/vue-styled-system",
	"version": "1.0.0",
	"lockfileVersion": 1,
	"requires": true,
	"dependencies": {
		"@styled-system/core": {
			"version": "5.1.2",
			"resolved": "https://registry.npmjs.org/@styled-system/core/-/core-5.1.2.tgz",
			"integrity": "sha512-XclBDdNIy7OPOsN4HBsawG2eiWfCcuFt6gxKn1x4QfMIgeO6TOlA2pZZ5GWZtIhCUqEPTgIBta6JXsGyCkLBYw==",
			"requires": {
				"object-assign": "^4.1.1"
			}
		},
		"css-get-unit": {
			"version": "1.0.1",
			"resolved": "https://registry.npmjs.org/css-get-unit/-/css-get-unit-1.0.1.tgz",
			"integrity": "sha1-5JC55Wss0g+QOiLMr7RIOC7feXY="
		},
		"csstype": {
			"version": "3.0.3",
			"resolved": "https://registry.npmjs.org/csstype/-/csstype-3.0.3.tgz",
			"integrity": "sha512-jPl+wbWPOWJ7SXsWyqGRk3lGecbar0Cb0OvZF/r/ZU011R4YqiRehgkQ9p4eQfo9DSDLqLL3wHwfxeJiuIsNag=="
		},
		"object-assign": {
			"version": "4.1.1",
			"resolved": "https://registry.npmjs.org/object-assign/-/object-assign-4.1.1.tgz",
			"integrity": "sha1-IQmtx5ZYh8/AXLvUQsrIv7s2CGM="
		}
	}
}
